
Microsoft Visual Studio Solution File, Format Version 12.00
# Visual Studio Version 17
VisualStudioVersion = 17.7.34202.233
MinimumVisualStudioVersion = 10.0.40219.1
Project("{FAE04EC0-301F-11D3-BF4B-00C04F79EFBC}") = "onlineshoeportal", "onlineshoeportal.csproj", "{4E33A06A-52EE-4BA9-85F3-D7DC190393BF}"
EndProject
Global
	GlobalSection(SolutionConfigurationPlatforms) = preSolution
		Debug|Any CPU = Debug|Any CPU
		Release|Any CPU = Release|Any CPU
	EndGlobalSection
	GlobalSection(ProjectConfigurationPlatforms) = postSolution
		{4E33A06A-52EE-4BA9-85F3-D7DC190393BF}.Debug|Any CPU.ActiveCfg = Debug|Any CPU
		{4E33A06A-52EE-4BA9-85F3-D7DC190393BF}.Debug|Any CPU.Build.0 = Debug|Any CPU
		{4E33A06A-52EE-4BA9-85F3-D7DC190393BF}.Release|Any CPU.ActiveCfg = Release|Any CPU
		{4E33A06A-52EE-4BA9-85F3-D7DC190393BF}.Release|Any CPU.Build.0 = Release|Any CPU
	EndGlobalSection
	GlobalSection(SolutionProperties) = preSolution
		HideSolutionNode = FALSE
	EndGlobalSection
	GlobalSection(ExtensibilityGlobals) = postSolution
		SolutionGuid = {B80D5357-2B4E-4B9E-A0A3-5D37E87B1577}
	EndGlobalSection
EndGlobal
